{
  "name": "messsagecomponentstest",
  "version": "1.0.0",
  "lockfileVersion": 1,
  "requires": true,
  "dependencies": {
    "argparse": {
      "version": "1.0.10",
      "resolved": "https://registry.npmjs.org/argparse/-/argparse-1.0.10.tgz",
      "integrity": "sha512-o5Roy6tNG4SL/FOkCAN6RzjiakZS25RLYFrcMttJqbdd8BWrnA+fGz57iN5Pb06pvBGvl5gQ0B48dJlslXvoTg==",
      "requires": {
        "sprintf-js": "~1.0.2"
      }
    },
    "colorsys": {
      "version": "1.0.22",
      "resolved": "https://registry.npmjs.org/colorsys/-/colorsys-1.0.22.tgz",
      "integrity": "sha512-KCqF23oqkOD0IUCTLCl0obwGIMyeGFlNWuJ4oRRVKmawvKQeb3x5UvajVeH9AShZWU9hNaIhjXeTGw3iPNtl/Q=="
    },
    "js-cord": {
      "version": "git+https://github.com/jay3332/js-cord.git#ca4b0a9792ff7d742f8f8158a0098058c027a79c",
      "from": "git+https://github.com/jay3332/js-cord.git",
      "requires": {
        "argparse": "^1.0.0",
        "colorsys": "^1.0.0",
        "node-fetch": "^2.6.1",
        "ws": "^7.4.4"
      }
    },
    "node-fetch": {
      "version": "2.6.1",
      "resolved": "https://registry.npmjs.org/node-fetch/-/node-fetch-2.6.1.tgz",
      "integrity": "sha512-V4aYg89jEoVRxRb2fJdAg8FHvI7cEyYdVAh94HH0UIK8oJxUfkjlDQN9RbMx+bEjP7+ggMiFRprSti032Oipxw=="
    },
    "sprintf-js": {
      "version": "1.0.3",
      "resolved": "https://registry.npmjs.org/sprintf-js/-/sprintf-js-1.0.3.tgz",
      "integrity": "sha1-BOaSb2YolTVPPdAVIDYzuFcpfiw="
    },
    "ws": {
      "version": "7.4.6",
      "resolved": "https://registry.npmjs.org/ws/-/ws-7.4.6.tgz",
      "integrity": "sha512-YmhHDO4MzaDLB+M9ym/mDA5z0naX8j7SIlT8f8z+I0VtzsRbekxEutHSme7NPS2qE8StCYQNUnfWdXta/Yu85A=="
    }
  }
}
